
Microsoft Visual Studio Solution File, Format Version 12.00
# Visual Studio 14
VisualStudioVersion = 14.0.23107.0
MinimumVisualStudioVersion = 10.0.40219.1
Project("{FAE04EC0-301F-11D3-BF4B-00C04F79EFBC}") = "Macerus.Server", "Macerus.Server\Macerus.Server.csproj", "{6C812694-DB15-46ED-B9EE-613B5CF48A15}"
EndProject
Project("{2150E333-8FDC-42A3-9474-1A3956D46DE8}") = "Dependencies", "Dependencies", "{71F8B817-E5ED-4137-BD52-498BCF581389}"
EndProject
Project("{FAE04EC0-301F-11D3-BF4B-00C04F79EFBC}") = "ProjectXyz.Api.Amqp", "..\projectXyz\ProjectXyz.Api.Amqp\ProjectXyz.Api.Amqp.csproj", "{3EF55103-9B98-4BBF-88A7-BA87A483CA4B}"
EndProject
Project("{FAE04EC0-301F-11D3-BF4B-00C04F79EFBC}") = "ProjectXyz.Api.Core", "..\projectXyz\ProjectXyz.Api.Core\ProjectXyz.Api.Core.csproj", "{5C2477BF-CD54-4D82-AF6A-33F3DA58B742}"
EndProject
Project("{FAE04EC0-301F-11D3-BF4B-00C04F79EFBC}") = "ProjectXyz.Api.Interface", "..\projectXyz\ProjectXyz.Api.Interface\ProjectXyz.Api.Interface.csproj", "{BD766253-0125-4539-9F19-27FAD67288E7}"
EndProject
Project("{FAE04EC0-301F-11D3-BF4B-00C04F79EFBC}") = "ProjectXyz.Application.Core", "..\projectXyz\ProjectXyz.Application.Core\ProjectXyz.Application.Core.csproj", "{5F23D262-459C-4655-ACDE-D8563FE33698}"
EndProject
Project("{FAE04EC0-301F-11D3-BF4B-00C04F79EFBC}") = "ProjectXyz.Application.Interface", "..\projectXyz\ProjectXyz.Application.Interface\ProjectXyz.Application.Interface.csproj", "{69A56C1B-CD41-4DCC-ABF1-DBB097DD489D}"
EndProject
Project("{FAE04EC0-301F-11D3-BF4B-00C04F79EFBC}") = "ProjectXyz.Application.Shared", "..\projectXyz\ProjectXyz.Application.Shared\ProjectXyz.Application.Shared.csproj", "{1EAE0BA1-6FF0-46AE-87C1-84D04F137F33}"
EndProject
Project("{FAE04EC0-301F-11D3-BF4B-00C04F79EFBC}") = "ProjectXyz.Data.Core", "..\projectXyz\ProjectXyz.Data.Core\ProjectXyz.Data.Core.csproj", "{FA14C733-DF45-4E7B-B61F-497D032FC0B1}"
EndProject
Project("{FAE04EC0-301F-11D3-BF4B-00C04F79EFBC}") = "ProjectXyz.Data.Interface", "..\projectXyz\ProjectXyz.Data.Interface\ProjectXyz.Data.Interface.csproj", "{D84CA25F-A1F8-4EFC-AD09-906D786C3094}"
EndProject
Project("{FAE04EC0-301F-11D3-BF4B-00C04F79EFBC}") = "ProjectXyz.Data.Sql", "..\projectXyz\ProjectXyz.Data.Sql\ProjectXyz.Data.Sql.csproj", "{E424C78A-DA58-47D2-B003-DBB902CB92E7}"
EndProject
Project("{FAE04EC0-301F-11D3-BF4B-00C04F79EFBC}") = "ProjectXyz.Game.Core", "..\projectXyz\ProjectXyz.Game.Core\ProjectXyz.Game.Core.csproj", "{8E0722B2-2264-4BA9-93C7-8355C3BDF211}"
EndProject
Project("{FAE04EC0-301F-11D3-BF4B-00C04F79EFBC}") = "ProjectXyz.Game.Interface", "..\projectXyz\ProjectXyz.Game.Interface\ProjectXyz.Game.Interface.csproj", "{E212E33C-399C-47F6-A00E-00E0A5268477}"
EndProject
Project("{FAE04EC0-301F-11D3-BF4B-00C04F79EFBC}") = "ProjectXyz.Plugins.Core", "..\projectXyz\ProjectXyz.Plugins.Core\ProjectXyz.Plugins.Core.csproj", "{345A6A69-13F6-4089-BBF3-D6D502E8EC5B}"
EndProject
Project("{FAE04EC0-301F-11D3-BF4B-00C04F79EFBC}") = "ProjectXyz.Plugins.Enchantments", "..\projectXyz\ProjectXyz.Plugins.Enchantments\ProjectXyz.Plugins.Enchantments.csproj", "{A8A53899-95AD-4466-9A3A-8A43DC9C6249}"
EndProject
Project("{FAE04EC0-301F-11D3-BF4B-00C04F79EFBC}") = "ProjectXyz.Plugins.Items", "..\projectXyz\ProjectXyz.Plugins.Items\ProjectXyz.Plugins.Items.csproj", "{565994C5-942A-429E-86C1-3D75E9CAF442}"
EndProject
Project("{FAE04EC0-301F-11D3-BF4B-00C04F79EFBC}") = "ProjectXyz.Plugins.Interface", "..\projectXyz\ProjectXyz.Plugins.Interface\ProjectXyz.Plugins.Interface.csproj", "{44F68C7B-0CDB-49A8-8E71-89EBD095F7A4}"
EndProject
Project("{2150E333-8FDC-42A3-9474-1A3956D46DE8}") = "Plugins", "Plugins", "{5E00129F-6C8C-49D5-AEE5-727B773C4711}"
EndProject
Project("{2150E333-8FDC-42A3-9474-1A3956D46DE8}") = "Items", "Items", "{F6469BB1-B370-4B26-8A16-99F454B49118}"
EndProject
Project("{2150E333-8FDC-42A3-9474-1A3956D46DE8}") = "Enchantments", "Enchantments", "{44877C9A-8C20-44AD-96EF-8F1E58F76B56}"
EndProject
Project("{FAE04EC0-301F-11D3-BF4B-00C04F79EFBC}") = "ProjectXyz.Plugins.Enchantments.Expression", "..\projectXyz\ProjectXyz.Plugins.Enchantments.Expression\ProjectXyz.Plugins.Enchantments.Expression.csproj", "{B5AAF78D-6583-47C7-9EEF-EFEFCA828473}"
EndProject
Project("{FAE04EC0-301F-11D3-BF4B-00C04F79EFBC}") = "ProjectXyz.Plugins.Enchantments.OneShotNegate", "..\projectXyz\ProjectXyz.Plugins.Enchantments.OneShotNegate\ProjectXyz.Plugins.Enchantments.OneShotNegate.csproj", "{400AA358-8128-4E01-9A44-9DE06EDEDAD2}"
EndProject
Project("{FAE04EC0-301F-11D3-BF4B-00C04F79EFBC}") = "ProjectXyz.Plugins.Items.Magic", "..\projectXyz\ProjectXyz.Plugins.Items.Magic\ProjectXyz.Plugins.Items.Magic.csproj", "{8AF646F9-7799-4910-9336-5DAFD38BD81D}"
EndProject
Project("{FAE04EC0-301F-11D3-BF4B-00C04F79EFBC}") = "ProjectXyz.Plugins.Items.Normal", "..\projectXyz\ProjectXyz.Plugins.Items.Normal\ProjectXyz.Plugins.Items.Normal.csproj", "{043C7FAE-ADBE-460A-BFAF-8FB84DA5258F}"
EndProject
Project("{FAE04EC0-301F-11D3-BF4B-00C04F79EFBC}") = "ProjectXyz.Plugins.Items.Rare", "..\projectXyz\ProjectXyz.Plugins.Items.Rare\ProjectXyz.Plugins.Items.Rare.csproj", "{9D7DDCC3-91F3-4A4A-A867-A233B3D568D4}"
EndProject
Project("{2150E333-8FDC-42A3-9474-1A3956D46DE8}") = "Api", "Api", "{943E97E2-B239-4507-9A3C-F48DC818C6CD}"
EndProject
Project("{2150E333-8FDC-42A3-9474-1A3956D46DE8}") = "Game", "Game", "{D7D0F2C4-D57E-4186-AF5C-032D062EAB06}"
EndProject
Project("{2150E333-8FDC-42A3-9474-1A3956D46DE8}") = "Application", "Application", "{2BAF72C2-45E8-42D5-A569-F045E4A8ABAC}"
EndProject
Project("{2150E333-8FDC-42A3-9474-1A3956D46DE8}") = "Data", "Data", "{12FE6392-A2B4-4846-9BC2-78CA5F3AB431}"
EndProject
Project("{FAE04EC0-301F-11D3-BF4B-00C04F79EFBC}") = "ProjectXyz.Interface", "..\projectXyz\ProjectXyz.Interface\ProjectXyz.Interface.csproj", "{57BC7B00-7C8C-4470-A054-597742187E56}"
EndProject
Project("{FAE04EC0-301F-11D3-BF4B-00C04F79EFBC}") = "ProjectXyz.Api.Messaging.Core", "..\projectXyz\ProjectXyz.Api.Messaging.Core\ProjectXyz.Api.Messaging.Core.csproj", "{815EFA46-153A-4CD1-B0F3-53543DB1B7EF}"
EndProject
Project("{FAE04EC0-301F-11D3-BF4B-00C04F79EFBC}") = "ProjectXyz.Api.Messaging.Interface", "..\projectXyz\ProjectXyz.Api.Messaging.Interface\ProjectXyz.Api.Messaging.Interface.csproj", "{5734AA15-5461-4E2D-8F62-58B4ED0DF53B}"
EndProject
Project("{FAE04EC0-301F-11D3-BF4B-00C04F79EFBC}") = "ProjectXyz.Utilities", "..\projectXyz\ProjectXyz.Utilities\ProjectXyz.Utilities.csproj", "{0ED9070E-58C3-4606-B6A5-FADFF0A9F73F}"
EndProject
Project("{FAE04EC0-301F-11D3-BF4B-00C04F79EFBC}") = "ProjectXyz.Api.Messaging.Serialization.Json", "..\projectXyz\ProjectXyz.Api.Messaging.Serialization.Json\ProjectXyz.Api.Messaging.Serialization.Json.csproj", "{C7D454AF-0B06-4B1F-BECE-B18250210B8F}"
EndProject
Project("{FAE04EC0-301F-11D3-BF4B-00C04F79EFBC}") = "ProjectXyz.Api.Messaging.Serialization.Interface", "..\projectXyz\ProjectXyz.Api.Messaging.Serialization.Interface\ProjectXyz.Api.Messaging.Serialization.Interface.csproj", "{E9F32E99-1009-491C-96B8-44AA2D015112}"
EndProject
Global
	GlobalSection(SolutionConfigurationPlatforms) = preSolution
		Debug|Any CPU = Debug|Any CPU
		Release|Any CPU = Release|Any CPU
	EndGlobalSection
	GlobalSection(ProjectConfigurationPlatforms) = postSolution
		{6C812694-DB15-46ED-B9EE-613B5CF48A15}.Debug|Any CPU.ActiveCfg = Debug|Any CPU
		{6C812694-DB15-46ED-B9EE-613B5CF48A15}.Debug|Any CPU.Build.0 = Debug|Any CPU
		{6C812694-DB15-46ED-B9EE-613B5CF48A15}.Release|Any CPU.ActiveCfg = Release|Any CPU
		{6C812694-DB15-46ED-B9EE-613B5CF48A15}.Release|Any CPU.Build.0 = Release|Any CPU
		{3EF55103-9B98-4BBF-88A7-BA87A483CA4B}.Debug|Any CPU.ActiveCfg = Debug|Any CPU
		{3EF55103-9B98-4BBF-88A7-BA87A483CA4B}.Debug|Any CPU.Build.0 = Debug|Any CPU
		{3EF55103-9B98-4BBF-88A7-BA87A483CA4B}.Release|Any CPU.ActiveCfg = Release|Any CPU
		{3EF55103-9B98-4BBF-88A7-BA87A483CA4B}.Release|Any CPU.Build.0 = Release|Any CPU
		{5C2477BF-CD54-4D82-AF6A-33F3DA58B742}.Debug|Any CPU.ActiveCfg = Debug|Any CPU
		{5C2477BF-CD54-4D82-AF6A-33F3DA58B742}.Debug|Any CPU.Build.0 = Debug|Any CPU
		{5C2477BF-CD54-4D82-AF6A-33F3DA58B742}.Release|Any CPU.ActiveCfg = Release|Any CPU
		{5C2477BF-CD54-4D82-AF6A-33F3DA58B742}.Release|Any CPU.Build.0 = Release|Any CPU
		{BD766253-0125-4539-9F19-27FAD67288E7}.Debug|Any CPU.ActiveCfg = Debug|Any CPU
		{BD766253-0125-4539-9F19-27FAD67288E7}.Debug|Any CPU.Build.0 = Debug|Any CPU
		{BD766253-0125-4539-9F19-27FAD67288E7}.Release|Any CPU.ActiveCfg = Release|Any CPU
		{BD766253-0125-4539-9F19-27FAD67288E7}.Release|Any CPU.Build.0 = Release|Any CPU
		{5F23D262-459C-4655-ACDE-D8563FE33698}.Debug|Any CPU.ActiveCfg = Debug|Any CPU
		{5F23D262-459C-4655-ACDE-D8563FE33698}.Debug|Any CPU.Build.0 = Debug|Any CPU
		{5F23D262-459C-4655-ACDE-D8563FE33698}.Release|Any CPU.ActiveCfg = Release|Any CPU
		{5F23D262-459C-4655-ACDE-D8563FE33698}.Release|Any CPU.Build.0 = Release|Any CPU
		{69A56C1B-CD41-4DCC-ABF1-DBB097DD489D}.Debug|Any CPU.ActiveCfg = Debug|Any CPU
		{69A56C1B-CD41-4DCC-ABF1-DBB097DD489D}.Debug|Any CPU.Build.0 = Debug|Any CPU
		{69A56C1B-CD41-4DCC-ABF1-DBB097DD489D}.Release|Any CPU.ActiveCfg = Release|Any CPU
		{69A56C1B-CD41-4DCC-ABF1-DBB097DD489D}.Release|Any CPU.Build.0 = Release|Any CPU
		{1EAE0BA1-6FF0-46AE-87C1-84D04F137F33}.Debug|Any CPU.ActiveCfg = Debug|Any CPU
		{1EAE0BA1-6FF0-46AE-87C1-84D04F137F33}.Debug|Any CPU.Build.0 = Debug|Any CPU
		{1EAE0BA1-6FF0-46AE-87C1-84D04F137F33}.Release|Any CPU.ActiveCfg = Release|Any CPU
		{1EAE0BA1-6FF0-46AE-87C1-84D04F137F33}.Release|Any CPU.Build.0 = Release|Any CPU
		{FA14C733-DF45-4E7B-B61F-497D032FC0B1}.Debug|Any CPU.ActiveCfg = Debug|Any CPU
		{FA14C733-DF45-4E7B-B61F-497D032FC0B1}.Debug|Any CPU.Build.0 = Debug|Any CPU
		{FA14C733-DF45-4E7B-B61F-497D032FC0B1}.Release|Any CPU.ActiveCfg = Release|Any CPU
		{FA14C733-DF45-4E7B-B61F-497D032FC0B1}.Release|Any CPU.Build.0 = Release|Any CPU
		{D84CA25F-A1F8-4EFC-AD09-906D786C3094}.Debug|Any CPU.ActiveCfg = Debug|Any CPU
		{D84CA25F-A1F8-4EFC-AD09-906D786C3094}.Debug|Any CPU.Build.0 = Debug|Any CPU
		{D84CA25F-A1F8-4EFC-AD09-906D786C3094}.Release|Any CPU.ActiveCfg = Release|Any CPU
		{D84CA25F-A1F8-4EFC-AD09-906D786C3094}.Release|Any CPU.Build.0 = Release|Any CPU
		{E424C78A-DA58-47D2-B003-DBB902CB92E7}.Debug|Any CPU.ActiveCfg = Debug|Any CPU
		{E424C78A-DA58-47D2-B003-DBB902CB92E7}.Debug|Any CPU.Build.0 = Debug|Any CPU
		{E424C78A-DA58-47D2-B003-DBB902CB92E7}.Release|Any CPU.ActiveCfg = Release|Any CPU
		{E424C78A-DA58-47D2-B003-DBB902CB92E7}.Release|Any CPU.Build.0 = Release|Any CPU
		{8E0722B2-2264-4BA9-93C7-8355C3BDF211}.Debug|Any CPU.ActiveCfg = Debug|Any CPU
		{8E0722B2-2264-4BA9-93C7-8355C3BDF211}.Debug|Any CPU.Build.0 = Debug|Any CPU
		{8E0722B2-2264-4BA9-93C7-8355C3BDF211}.Release|Any CPU.ActiveCfg = Release|Any CPU
		{8E0722B2-2264-4BA9-93C7-8355C3BDF211}.Release|Any CPU.Build.0 = Release|Any CPU
		{E212E33C-399C-47F6-A00E-00E0A5268477}.Debug|Any CPU.ActiveCfg = Debug|Any CPU
		{E212E33C-399C-47F6-A00E-00E0A5268477}.Debug|Any CPU.Build.0 = Debug|Any CPU
		{E212E33C-399C-47F6-A00E-00E0A5268477}.Release|Any CPU.ActiveCfg = Release|Any CPU
		{E212E33C-399C-47F6-A00E-00E0A5268477}.Release|Any CPU.Build.0 = Release|Any CPU
		{345A6A69-13F6-4089-BBF3-D6D502E8EC5B}.Debug|Any CPU.ActiveCfg = Debug|Any CPU
		{345A6A69-13F6-4089-BBF3-D6D502E8EC5B}.Debug|Any CPU.Build.0 = Debug|Any CPU
		{345A6A69-13F6-4089-BBF3-D6D502E8EC5B}.Release|Any CPU.ActiveCfg = Release|Any CPU
		{345A6A69-13F6-4089-BBF3-D6D502E8EC5B}.Release|Any CPU.Build.0 = Release|Any CPU
		{A8A53899-95AD-4466-9A3A-8A43DC9C6249}.Debug|Any CPU.ActiveCfg = Debug|Any CPU
		{A8A53899-95AD-4466-9A3A-8A43DC9C6249}.Debug|Any CPU.Build.0 = Debug|Any CPU
		{A8A53899-95AD-4466-9A3A-8A43DC9C6249}.Release|Any CPU.ActiveCfg = Release|Any CPU
		{A8A53899-95AD-4466-9A3A-8A43DC9C6249}.Release|Any CPU.Build.0 = Release|Any CPU
		{565994C5-942A-429E-86C1-3D75E9CAF442}.Debug|Any CPU.ActiveCfg = Debug|Any CPU
		{565994C5-942A-429E-86C1-3D75E9CAF442}.Debug|Any CPU.Build.0 = Debug|Any CPU
		{565994C5-942A-429E-86C1-3D75E9CAF442}.Release|Any CPU.ActiveCfg = Release|Any CPU
		{565994C5-942A-429E-86C1-3D75E9CAF442}.Release|Any CPU.Build.0 = Release|Any CPU
		{44F68C7B-0CDB-49A8-8E71-89EBD095F7A4}.Debug|Any CPU.ActiveCfg = Debug|Any CPU
		{44F68C7B-0CDB-49A8-8E71-89EBD095F7A4}.Debug|Any CPU.Build.0 = Debug|Any CPU
		{44F68C7B-0CDB-49A8-8E71-89EBD095F7A4}.Release|Any CPU.ActiveCfg = Release|Any CPU
		{44F68C7B-0CDB-49A8-8E71-89EBD095F7A4}.Release|Any CPU.Build.0 = Release|Any CPU
		{B5AAF78D-6583-47C7-9EEF-EFEFCA828473}.Debug|Any CPU.ActiveCfg = Debug|Any CPU
		{B5AAF78D-6583-47C7-9EEF-EFEFCA828473}.Debug|Any CPU.Build.0 = Debug|Any CPU
		{B5AAF78D-6583-47C7-9EEF-EFEFCA828473}.Release|Any CPU.ActiveCfg = Release|Any CPU
		{B5AAF78D-6583-47C7-9EEF-EFEFCA828473}.Release|Any CPU.Build.0 = Release|Any CPU
		{400AA358-8128-4E01-9A44-9DE06EDEDAD2}.Debug|Any CPU.ActiveCfg = Debug|Any CPU
		{400AA358-8128-4E01-9A44-9DE06EDEDAD2}.Debug|Any CPU.Build.0 = Debug|Any CPU
		{400AA358-8128-4E01-9A44-9DE06EDEDAD2}.Release|Any CPU.ActiveCfg = Release|Any CPU
		{400AA358-8128-4E01-9A44-9DE06EDEDAD2}.Release|Any CPU.Build.0 = Release|Any CPU
		{8AF646F9-7799-4910-9336-5DAFD38BD81D}.Debug|Any CPU.ActiveCfg = Debug|Any CPU
		{8AF646F9-7799-4910-9336-5DAFD38BD81D}.Debug|Any CPU.Build.0 = Debug|Any CPU
		{8AF646F9-7799-4910-9336-5DAFD38BD81D}.Release|Any CPU.ActiveCfg = Release|Any CPU
		{8AF646F9-7799-4910-9336-5DAFD38BD81D}.Release|Any CPU.Build.0 = Release|Any CPU
		{043C7FAE-ADBE-460A-BFAF-8FB84DA5258F}.Debug|Any CPU.ActiveCfg = Debug|Any CPU
		{043C7FAE-ADBE-460A-BFAF-8FB84DA5258F}.Debug|Any CPU.Build.0 = Debug|Any CPU
		{043C7FAE-ADBE-460A-BFAF-8FB84DA5258F}.Release|Any CPU.ActiveCfg = Release|Any CPU
		{043C7FAE-ADBE-460A-BFAF-8FB84DA5258F}.Release|Any CPU.Build.0 = Release|Any CPU
		{9D7DDCC3-91F3-4A4A-A867-A233B3D568D4}.Debug|Any CPU.ActiveCfg = Debug|Any CPU
		{9D7DDCC3-91F3-4A4A-A867-A233B3D568D4}.Debug|Any CPU.Build.0 = Debug|Any CPU
		{9D7DDCC3-91F3-4A4A-A867-A233B3D568D4}.Release|Any CPU.ActiveCfg = Release|Any CPU
		{9D7DDCC3-91F3-4A4A-A867-A233B3D568D4}.Release|Any CPU.Build.0 = Release|Any CPU
		{57BC7B00-7C8C-4470-A054-597742187E56}.Debug|Any CPU.ActiveCfg = Debug|Any CPU
		{57BC7B00-7C8C-4470-A054-597742187E56}.Debug|Any CPU.Build.0 = Debug|Any CPU
		{57BC7B00-7C8C-4470-A054-597742187E56}.Release|Any CPU.ActiveCfg = Release|Any CPU
		{57BC7B00-7C8C-4470-A054-597742187E56}.Release|Any CPU.Build.0 = Release|Any CPU
		{815EFA46-153A-4CD1-B0F3-53543DB1B7EF}.Debug|Any CPU.ActiveCfg = Debug|Any CPU
		{815EFA46-153A-4CD1-B0F3-53543DB1B7EF}.Debug|Any CPU.Build.0 = Debug|Any CPU
		{815EFA46-153A-4CD1-B0F3-53543DB1B7EF}.Release|Any CPU.ActiveCfg = Release|Any CPU
		{815EFA46-153A-4CD1-B0F3-53543DB1B7EF}.Release|Any CPU.Build.0 = Release|Any CPU
		{5734AA15-5461-4E2D-8F62-58B4ED0DF53B}.Debug|Any CPU.ActiveCfg = Debug|Any CPU
		{5734AA15-5461-4E2D-8F62-58B4ED0DF53B}.Debug|Any CPU.Build.0 = Debug|Any CPU
		{5734AA15-5461-4E2D-8F62-58B4ED0DF53B}.Release|Any CPU.ActiveCfg = Release|Any CPU
		{5734AA15-5461-4E2D-8F62-58B4ED0DF53B}.Release|Any CPU.Build.0 = Release|Any CPU
		{0ED9070E-58C3-4606-B6A5-FADFF0A9F73F}.Debug|Any CPU.ActiveCfg = Debug|Any CPU
		{0ED9070E-58C3-4606-B6A5-FADFF0A9F73F}.Debug|Any CPU.Build.0 = Debug|Any CPU
		{0ED9070E-58C3-4606-B6A5-FADFF0A9F73F}.Release|Any CPU.ActiveCfg = Release|Any CPU
		{0ED9070E-58C3-4606-B6A5-FADFF0A9F73F}.Release|Any CPU.Build.0 = Release|Any CPU
		{C7D454AF-0B06-4B1F-BECE-B18250210B8F}.Debug|Any CPU.ActiveCfg = Debug|Any CPU
		{C7D454AF-0B06-4B1F-BECE-B18250210B8F}.Debug|Any CPU.Build.0 = Debug|Any CPU
		{C7D454AF-0B06-4B1F-BECE-B18250210B8F}.Release|Any CPU.ActiveCfg = Release|Any CPU
		{C7D454AF-0B06-4B1F-BECE-B18250210B8F}.Release|Any CPU.Build.0 = Release|Any CPU
		{E9F32E99-1009-491C-96B8-44AA2D015112}.Debug|Any CPU.ActiveCfg = Debug|Any CPU
		{E9F32E99-1009-491C-96B8-44AA2D015112}.Debug|Any CPU.Build.0 = Debug|Any CPU
		{E9F32E99-1009-491C-96B8-44AA2D015112}.Release|Any CPU.ActiveCfg = Release|Any CPU
		{E9F32E99-1009-491C-96B8-44AA2D015112}.Release|Any CPU.Build.0 = Release|Any CPU
	EndGlobalSection
	GlobalSection(SolutionProperties) = preSolution
		HideSolutionNode = FALSE
	EndGlobalSection
	GlobalSection(NestedProjects) = preSolution
		{3EF55103-9B98-4BBF-88A7-BA87A483CA4B} = {943E97E2-B239-4507-9A3C-F48DC818C6CD}
		{5C2477BF-CD54-4D82-AF6A-33F3DA58B742} = {943E97E2-B239-4507-9A3C-F48DC818C6CD}
		{BD766253-0125-4539-9F19-27FAD67288E7} = {943E97E2-B239-4507-9A3C-F48DC818C6CD}
		{5F23D262-459C-4655-ACDE-D8563FE33698} = {2BAF72C2-45E8-42D5-A569-F045E4A8ABAC}
		{69A56C1B-CD41-4DCC-ABF1-DBB097DD489D} = {2BAF72C2-45E8-42D5-A569-F045E4A8ABAC}
		{1EAE0BA1-6FF0-46AE-87C1-84D04F137F33} = {2BAF72C2-45E8-42D5-A569-F045E4A8ABAC}
		{FA14C733-DF45-4E7B-B61F-497D032FC0B1} = {12FE6392-A2B4-4846-9BC2-78CA5F3AB431}
		{D84CA25F-A1F8-4EFC-AD09-906D786C3094} = {12FE6392-A2B4-4846-9BC2-78CA5F3AB431}
		{E424C78A-DA58-47D2-B003-DBB902CB92E7} = {12FE6392-A2B4-4846-9BC2-78CA5F3AB431}
		{8E0722B2-2264-4BA9-93C7-8355C3BDF211} = {D7D0F2C4-D57E-4186-AF5C-032D062EAB06}
		{E212E33C-399C-47F6-A00E-00E0A5268477} = {D7D0F2C4-D57E-4186-AF5C-032D062EAB06}
		{345A6A69-13F6-4089-BBF3-D6D502E8EC5B} = {5E00129F-6C8C-49D5-AEE5-727B773C4711}
		{A8A53899-95AD-4466-9A3A-8A43DC9C6249} = {5E00129F-6C8C-49D5-AEE5-727B773C4711}
		{565994C5-942A-429E-86C1-3D75E9CAF442} = {5E00129F-6C8C-49D5-AEE5-727B773C4711}
		{44F68C7B-0CDB-49A8-8E71-89EBD095F7A4} = {5E00129F-6C8C-49D5-AEE5-727B773C4711}
		{5E00129F-6C8C-49D5-AEE5-727B773C4711} = {71F8B817-E5ED-4137-BD52-498BCF581389}
		{F6469BB1-B370-4B26-8A16-99F454B49118} = {5E00129F-6C8C-49D5-AEE5-727B773C4711}
		{44877C9A-8C20-44AD-96EF-8F1E58F76B56} = {5E00129F-6C8C-49D5-AEE5-727B773C4711}
		{B5AAF78D-6583-47C7-9EEF-EFEFCA828473} = {44877C9A-8C20-44AD-96EF-8F1E58F76B56}
		{400AA358-8128-4E01-9A44-9DE06EDEDAD2} = {44877C9A-8C20-44AD-96EF-8F1E58F76B56}
		{8AF646F9-7799-4910-9336-5DAFD38BD81D} = {F6469BB1-B370-4B26-8A16-99F454B49118}
		{043C7FAE-ADBE-460A-BFAF-8FB84DA5258F} = {F6469BB1-B370-4B26-8A16-99F454B49118}
		{9D7DDCC3-91F3-4A4A-A867-A233B3D568D4} = {F6469BB1-B370-4B26-8A16-99F454B49118}
		{943E97E2-B239-4507-9A3C-F48DC818C6CD} = {71F8B817-E5ED-4137-BD52-498BCF581389}
		{D7D0F2C4-D57E-4186-AF5C-032D062EAB06} = {71F8B817-E5ED-4137-BD52-498BCF581389}
		{2BAF72C2-45E8-42D5-A569-F045E4A8ABAC} = {71F8B817-E5ED-4137-BD52-498BCF581389}
		{12FE6392-A2B4-4846-9BC2-78CA5F3AB431} = {71F8B817-E5ED-4137-BD52-498BCF581389}
		{57BC7B00-7C8C-4470-A054-597742187E56} = {71F8B817-E5ED-4137-BD52-498BCF581389}
		{815EFA46-153A-4CD1-B0F3-53543DB1B7EF} = {943E97E2-B239-4507-9A3C-F48DC818C6CD}
		{5734AA15-5461-4E2D-8F62-58B4ED0DF53B} = {943E97E2-B239-4507-9A3C-F48DC818C6CD}
		{0ED9070E-58C3-4606-B6A5-FADFF0A9F73F} = {71F8B817-E5ED-4137-BD52-498BCF581389}
		{C7D454AF-0B06-4B1F-BECE-B18250210B8F} = {943E97E2-B239-4507-9A3C-F48DC818C6CD}
		{E9F32E99-1009-491C-96B8-44AA2D015112} = {943E97E2-B239-4507-9A3C-F48DC818C6CD}
	EndGlobalSection
EndGlobal
